
Microsoft Visual Studio Solution File, Format Version 12.00
# Visual Studio Version 17
VisualStudioVersion = 17.8.34525.116
MinimumVisualStudioVersion = 10.0.40219.1
Project("{FAE04EC0-301F-11D3-BF4B-00C04F79EFBC}") = "WebProject", "WebProject\WebProject.csproj", "{5F80B0C2-7F0F-4D1D-98CF-08C805A03522}"
EndProject
Project("{FAE04EC0-301F-11D3-BF4B-00C04F79EFBC}") = "WebProject.App", "WebProject.App\WebProject.App.csproj", "{030F1626-8790-48EB-8E8A-5760877CC9B9}"
EndProject
Project("{FAE04EC0-301F-11D3-BF4B-00C04F79EFBC}") = "WebProject.Core", "WebProject.Core\WebProject.Core.csproj", "{EEC6D438-115E-4F49-9E5B-BFF8F2DBEA79}"
EndProject
Project("{FAE04EC0-301F-11D3-BF4B-00C04F79EFBC}") = "WebProject.Dal", "WebProject.Dal\WebProject.Dal.csproj", "{A517AC22-7678-4F1C-9B0E-82CC95DA582A}"
EndProject
Project("{FAE04EC0-301F-11D3-BF4B-00C04F79EFBC}") = "WebProject.Helper", "WebProject.Helper\WebProject.Helper.csproj", "{492B2352-38BF-40E3-BB16-59674517EAF9}"
EndProject
Global
	GlobalSection(SolutionConfigurationPlatforms) = preSolution
		Debug|Any CPU = Debug|Any CPU
		Release|Any CPU = Release|Any CPU
	EndGlobalSection
	GlobalSection(ProjectConfigurationPlatforms) = postSolution
		{5F80B0C2-7F0F-4D1D-98CF-08C805A03522}.Debug|Any CPU.ActiveCfg = Debug|Any CPU
		{5F80B0C2-7F0F-4D1D-98CF-08C805A03522}.Debug|Any CPU.Build.0 = Debug|Any CPU
		{5F80B0C2-7F0F-4D1D-98CF-08C805A03522}.Release|Any CPU.ActiveCfg = Release|Any CPU
		{5F80B0C2-7F0F-4D1D-98CF-08C805A03522}.Release|Any CPU.Build.0 = Release|Any CPU
		{030F1626-8790-48EB-8E8A-5760877CC9B9}.Debug|Any CPU.ActiveCfg = Debug|Any CPU
		{030F1626-8790-48EB-8E8A-5760877CC9B9}.Debug|Any CPU.Build.0 = Debug|Any CPU
		{030F1626-8790-48EB-8E8A-5760877CC9B9}.Release|Any CPU.ActiveCfg = Release|Any CPU
		{030F1626-8790-48EB-8E8A-5760877CC9B9}.Release|Any CPU.Build.0 = Release|Any CPU
		{EEC6D438-115E-4F49-9E5B-BFF8F2DBEA79}.Debug|Any CPU.ActiveCfg = Debug|Any CPU
		{EEC6D438-115E-4F49-9E5B-BFF8F2DBEA79}.Debug|Any CPU.Build.0 = Debug|Any CPU
		{EEC6D438-115E-4F49-9E5B-BFF8F2DBEA79}.Release|Any CPU.ActiveCfg = Release|Any CPU
		{EEC6D438-115E-4F49-9E5B-BFF8F2DBEA79}.Release|Any CPU.Build.0 = Release|Any CPU
		{A517AC22-7678-4F1C-9B0E-82CC95DA582A}.Debug|Any CPU.ActiveCfg = Debug|Any CPU
		{A517AC22-7678-4F1C-9B0E-82CC95DA582A}.Debug|Any CPU.Build.0 = Debug|Any CPU
		{A517AC22-7678-4F1C-9B0E-82CC95DA582A}.Release|Any CPU.ActiveCfg = Release|Any CPU
		{A517AC22-7678-4F1C-9B0E-82CC95DA582A}.Release|Any CPU.Build.0 = Release|Any CPU
		{492B2352-38BF-40E3-BB16-59674517EAF9}.Debug|Any CPU.ActiveCfg = Debug|Any CPU
		{492B2352-38BF-40E3-BB16-59674517EAF9}.Debug|Any CPU.Build.0 = Debug|Any CPU
		{492B2352-38BF-40E3-BB16-59674517EAF9}.Release|Any CPU.ActiveCfg = Release|Any CPU
		{492B2352-38BF-40E3-BB16-59674517EAF9}.Release|Any CPU.Build.0 = Release|Any CPU
	EndGlobalSection
	GlobalSection(SolutionProperties) = preSolution
		HideSolutionNode = FALSE
	EndGlobalSection
	GlobalSection(ExtensibilityGlobals) = postSolution
		SolutionGuid = {229EBF97-9C4F-4167-AE75-E99F1CE766A9}
	EndGlobalSection
EndGlobal
